
Microsoft Visual Studio Solution File, Format Version 12.00
# Visual Studio Version 17
VisualStudioVersion = 17.0.32112.339
MinimumVisualStudioVersion = 10.0.40219.1
Project("{2150E333-8FDC-42A3-9474-1A3956D46DE8}") = ".azuredevops", ".azuredevops", "{B545FD1D-75FF-4F04-BB1F-41442A1C8EDC}"
	ProjectSection(SolutionItems) = preProject
		pull_request_template.md = pull_request_template.md
	EndProjectSection
EndProject
Project("{2150E333-8FDC-42A3-9474-1A3956D46DE8}") = "Solution Items", "Solution Items", "{DE53DCCE-51D8-444A-A0EE-2C186D5EC2E3}"
	ProjectSection(SolutionItems) = preProject
		.editorconfig = .editorconfig
	EndProjectSection
EndProject
Project("{9A19103F-16F7-4668-BE54-9A1E7A4F7556}") = "OKTemplate.Api", "OKTemplate.Api\OKTemplate.Api.csproj", "{9AE26279-1551-42A2-89ED-30B3BC7DB5BD}"
EndProject
Project("{9A19103F-16F7-4668-BE54-9A1E7A4F7556}") = "OKTemplate.Api.Tests", "OKTemplate.Api.Tests\OKTemplate.Api.Tests.csproj", "{C62332B7-087D-4445-9EB9-819D738A14AA}"
EndProject
Project("{9A19103F-16F7-4668-BE54-9A1E7A4F7556}") = "OKTemplate.BusinessLayer", "OKTemplate.BusinessLayer\OKTemplate.BusinessLayer.csproj", "{0510047C-8893-4147-8545-84D0EEBAF007}"
EndProject
Project("{9A19103F-16F7-4668-BE54-9A1E7A4F7556}") = "OKTemplate.BusinessLayer.Tests", "OKTemplate.BusinessLayer.Tests\OKTemplate.BusinessLayer.Tests.csproj", "{4F267A23-52D8-4571-BB84-5212F249677F}"
EndProject
Project("{9A19103F-16F7-4668-BE54-9A1E7A4F7556}") = "OKTemplate.Common", "OKTemplate.Common\OKTemplate.Common.csproj", "{E643D1AF-608B-4D87-B530-1A46B1EE3BE6}"
EndProject
Project("{2150E333-8FDC-42A3-9474-1A3956D46DE8}") = "Documentation", "Documentation", "{D9A57ED4-461B-4301-ACDE-A8F93BAB2332}"
	ProjectSection(SolutionItems) = preProject
		Documentation\OKTemplate-Backend.drawio = Documentation\OKTemplate-Backend.drawio
		Documentation\OKTemplate-Backend.drawio.png = Documentation\OKTemplate-Backend.drawio.png
	EndProjectSection
EndProject
Global
	GlobalSection(SolutionConfigurationPlatforms) = preSolution
		Debug|Any CPU = Debug|Any CPU
		Release|Any CPU = Release|Any CPU
	EndGlobalSection
	GlobalSection(ProjectConfigurationPlatforms) = postSolution
		{9AE26279-1551-42A2-89ED-30B3BC7DB5BD}.Debug|Any CPU.ActiveCfg = Debug|Any CPU
		{9AE26279-1551-42A2-89ED-30B3BC7DB5BD}.Debug|Any CPU.Build.0 = Debug|Any CPU
		{9AE26279-1551-42A2-89ED-30B3BC7DB5BD}.Release|Any CPU.ActiveCfg = Release|Any CPU
		{9AE26279-1551-42A2-89ED-30B3BC7DB5BD}.Release|Any CPU.Build.0 = Release|Any CPU
		{C62332B7-087D-4445-9EB9-819D738A14AA}.Debug|Any CPU.ActiveCfg = Debug|Any CPU
		{C62332B7-087D-4445-9EB9-819D738A14AA}.Debug|Any CPU.Build.0 = Debug|Any CPU
		{C62332B7-087D-4445-9EB9-819D738A14AA}.Release|Any CPU.ActiveCfg = Release|Any CPU
		{C62332B7-087D-4445-9EB9-819D738A14AA}.Release|Any CPU.Build.0 = Release|Any CPU
		{0510047C-8893-4147-8545-84D0EEBAF007}.Debug|Any CPU.ActiveCfg = Debug|Any CPU
		{0510047C-8893-4147-8545-84D0EEBAF007}.Debug|Any CPU.Build.0 = Debug|Any CPU
		{0510047C-8893-4147-8545-84D0EEBAF007}.Release|Any CPU.ActiveCfg = Release|Any CPU
		{0510047C-8893-4147-8545-84D0EEBAF007}.Release|Any CPU.Build.0 = Release|Any CPU
		{4F267A23-52D8-4571-BB84-5212F249677F}.Debug|Any CPU.ActiveCfg = Debug|Any CPU
		{4F267A23-52D8-4571-BB84-5212F249677F}.Debug|Any CPU.Build.0 = Debug|Any CPU
		{4F267A23-52D8-4571-BB84-5212F249677F}.Release|Any CPU.ActiveCfg = Release|Any CPU
		{4F267A23-52D8-4571-BB84-5212F249677F}.Release|Any CPU.Build.0 = Release|Any CPU
		{E643D1AF-608B-4D87-B530-1A46B1EE3BE6}.Debug|Any CPU.ActiveCfg = Debug|Any CPU
		{E643D1AF-608B-4D87-B530-1A46B1EE3BE6}.Debug|Any CPU.Build.0 = Debug|Any CPU
		{E643D1AF-608B-4D87-B530-1A46B1EE3BE6}.Release|Any CPU.ActiveCfg = Release|Any CPU
		{E643D1AF-608B-4D87-B530-1A46B1EE3BE6}.Release|Any CPU.Build.0 = Release|Any CPU
	EndGlobalSection
	GlobalSection(SolutionProperties) = preSolution
		HideSolutionNode = FALSE
	EndGlobalSection
	GlobalSection(ExtensibilityGlobals) = postSolution
		SolutionGuid = {92F07306-4576-442E-972A-9C891E31380E}
	EndGlobalSection
EndGlobal
